
Microsoft Visual Studio Solution File, Format Version 12.00
# Visual Studio Version 17
VisualStudioVersion = 17.11.35327.3
MinimumVisualStudioVersion = 10.0.40219.1
Project("{8BC9CEB8-8B4A-11D0-8D11-00A0C91BC942}") = "ExtIO_alinco_djx11", "ExtIO_Alinco_DJ-X11.vcxproj", "{8EDCB560-F8C8-4565-B406-A890F49CE5CC}"
EndProject
Project("{8BC9CEB8-8B4A-11D0-8D11-00A0C91BC942}") = "ExtIO_alinco_dxr8", "ExtIO_Alinco_DX-R8.vcxproj", "{4DDF7B38-9B99-493F-A72C-192D60C51C92}"
EndProject
Global
	GlobalSection(SolutionConfigurationPlatforms) = preSolution
		Debug|x64 = Debug|x64
		Debug|x86 = Debug|x86
		Release|x64 = Release|x64
		Release|x86 = Release|x86
	EndGlobalSection
	GlobalSection(ProjectConfigurationPlatforms) = postSolution
		{8EDCB560-F8C8-4565-B406-A890F49CE5CC}.Debug|x64.ActiveCfg = Debug|x64
		{8EDCB560-F8C8-4565-B406-A890F49CE5CC}.Debug|x64.Build.0 = Debug|x64
		{8EDCB560-F8C8-4565-B406-A890F49CE5CC}.Debug|x86.ActiveCfg = Debug|Win32
		{8EDCB560-F8C8-4565-B406-A890F49CE5CC}.Debug|x86.Build.0 = Debug|Win32
		{8EDCB560-F8C8-4565-B406-A890F49CE5CC}.Release|x64.ActiveCfg = Release|x64
		{8EDCB560-F8C8-4565-B406-A890F49CE5CC}.Release|x64.Build.0 = Release|x64
		{8EDCB560-F8C8-4565-B406-A890F49CE5CC}.Release|x86.ActiveCfg = Release|Win32
		{8EDCB560-F8C8-4565-B406-A890F49CE5CC}.Release|x86.Build.0 = Release|Win32
		{4DDF7B38-9B99-493F-A72C-192D60C51C92}.Debug|x64.ActiveCfg = Debug|x64
		{4DDF7B38-9B99-493F-A72C-192D60C51C92}.Debug|x64.Build.0 = Debug|x64
		{4DDF7B38-9B99-493F-A72C-192D60C51C92}.Debug|x86.ActiveCfg = Debug|Win32
		{4DDF7B38-9B99-493F-A72C-192D60C51C92}.Debug|x86.Build.0 = Debug|Win32
		{4DDF7B38-9B99-493F-A72C-192D60C51C92}.Release|x64.ActiveCfg = Release|x64
		{4DDF7B38-9B99-493F-A72C-192D60C51C92}.Release|x64.Build.0 = Release|x64
		{4DDF7B38-9B99-493F-A72C-192D60C51C92}.Release|x86.ActiveCfg = Release|Win32
		{4DDF7B38-9B99-493F-A72C-192D60C51C92}.Release|x86.Build.0 = Release|Win32
	EndGlobalSection
	GlobalSection(SolutionProperties) = preSolution
		HideSolutionNode = FALSE
	EndGlobalSection
	GlobalSection(ExtensibilityGlobals) = postSolution
		SolutionGuid = {41C800B8-B983-4681-9E07-9F94652E7A70}
	EndGlobalSection
EndGlobal
